
Microsoft Visual Studio Solution File, Format Version 12.00
# Visual Studio 15
VisualStudioVersion = 15.0.27130.2036
MinimumVisualStudioVersion = 10.0.40219.1
Project("{FAE04EC0-301F-11D3-BF4B-00C04F79EFBC}") = "TransportIssue", "TransportIssue\TransportIssue.csproj", "{EBDF98AE-85A4-4BE5-BFEE-6EC61161D59B}"
EndProject
Project("{FAE04EC0-301F-11D3-BF4B-00C04F79EFBC}") = "UnitTests", "UnitTests\UnitTests.csproj", "{12972E4C-9C77-4C49-8FF0-0AA7EFFB758E}"
EndProject
Global
	GlobalSection(SolutionConfigurationPlatforms) = preSolution
		Debug|Any CPU = Debug|Any CPU
		Release|Any CPU = Release|Any CPU
	EndGlobalSection
	GlobalSection(ProjectConfigurationPlatforms) = postSolution
		{EBDF98AE-85A4-4BE5-BFEE-6EC61161D59B}.Debug|Any CPU.ActiveCfg = Debug|Any CPU
		{EBDF98AE-85A4-4BE5-BFEE-6EC61161D59B}.Debug|Any CPU.Build.0 = Debug|Any CPU
		{EBDF98AE-85A4-4BE5-BFEE-6EC61161D59B}.Release|Any CPU.ActiveCfg = Release|Any CPU
		{EBDF98AE-85A4-4BE5-BFEE-6EC61161D59B}.Release|Any CPU.Build.0 = Release|Any CPU
		{12972E4C-9C77-4C49-8FF0-0AA7EFFB758E}.Debug|Any CPU.ActiveCfg = Debug|Any CPU
		{12972E4C-9C77-4C49-8FF0-0AA7EFFB758E}.Debug|Any CPU.Build.0 = Debug|Any CPU
		{12972E4C-9C77-4C49-8FF0-0AA7EFFB758E}.Release|Any CPU.ActiveCfg = Release|Any CPU
		{12972E4C-9C77-4C49-8FF0-0AA7EFFB758E}.Release|Any CPU.Build.0 = Release|Any CPU
	EndGlobalSection
	GlobalSection(SolutionProperties) = preSolution
		HideSolutionNode = FALSE
	EndGlobalSection
	GlobalSection(ExtensibilityGlobals) = postSolution
		SolutionGuid = {D1E5A5B8-9A98-4A63-BC4B-D0E77F071AF7}
	EndGlobalSection
EndGlobal
